
Microsoft Visual Studio Solution File, Format Version 12.00
# Visual Studio Version 16
VisualStudioVersion = 16.0.31727.386
MinimumVisualStudioVersion = 10.0.40219.1
Project("{FAE04EC0-301F-11D3-BF4B-00C04F79EFBC}") = "Experity_Coding_Challenge", "Experity_Coding_Challenge.csproj", "{207A507D-53BA-4775-8DA2-E5B6B95CFA17}"
EndProject
Global
	GlobalSection(SolutionConfigurationPlatforms) = preSolution
		Debug|Any CPU = Debug|Any CPU
		Release|Any CPU = Release|Any CPU
	EndGlobalSection
	GlobalSection(ProjectConfigurationPlatforms) = postSolution
		{207A507D-53BA-4775-8DA2-E5B6B95CFA17}.Debug|Any CPU.ActiveCfg = Debug|Any CPU
		{207A507D-53BA-4775-8DA2-E5B6B95CFA17}.Debug|Any CPU.Build.0 = Debug|Any CPU
		{207A507D-53BA-4775-8DA2-E5B6B95CFA17}.Release|Any CPU.ActiveCfg = Release|Any CPU
		{207A507D-53BA-4775-8DA2-E5B6B95CFA17}.Release|Any CPU.Build.0 = Release|Any CPU
	EndGlobalSection
	GlobalSection(SolutionProperties) = preSolution
		HideSolutionNode = FALSE
	EndGlobalSection
	GlobalSection(ExtensibilityGlobals) = postSolution
		SolutionGuid = {994DDAB6-44F8-43CD-AF70-BF9D0DBFEDF1}
	EndGlobalSection
EndGlobal
